// !$*UTF8*$!
{
	archiveVersion = 1;
	classes = {
	};
	objectVersion = 77;
	objects = {

/* Begin PBXBuildFile section */
		9B166E822EB546610076109E /* Stripe in Frameworks */ = {isa = PBXBuildFile; productRef = 9B166E812EB546610076109E /* Stripe */; };
		9B166E842EB546610076109E /* StripeApplePay in Frameworks */ = {isa = PBXBuildFile; productRef = 9B166E832EB546610076109E /* StripeApplePay */; };
		9B166E862EB546610076109E /* StripeCardScan in Frameworks */ = {isa = PBXBuildFile; productRef = 9B166E852EB546610076109E /* StripeCardScan */; };
		9B166E882EB546610076109E /* StripeConnect in Frameworks */ = {isa = PBXBuildFile; productRef = 9B166E872EB546610076109E /* StripeConnect */; };
		9B166E8A2EB546610076109E /* StripeFinancialConnections in Frameworks */ = {isa = PBXBuildFile; productRef = 9B166E892EB546610076109E /* StripeFinancialConnections */; };
		9B166E8D2EB552A90076109E /* StripePaymentSheet in Frameworks */ = {isa = PBXBuildFile; productRef = 9B166E8C2EB552A90076109E /* StripePaymentSheet */; };
		9B166E8F2EB552A90076109E /* StripePayments in Frameworks */ = {isa = PBXBuildFile; productRef = 9B166E8E2EB552A90076109E /* StripePayments */; };
		9B6807C22EB3C3A50038FE88 /* Auth in Frameworks */ = {isa = PBXBuildFile; productRef = 9B6807C12EB3C3A50038FE88 /* Auth */; };
		9B6807C42EB3C3A50038FE88 /* Functions in Frameworks */ = {isa = PBXBuildFile; productRef = 9B6807C32EB3C3A50038FE88 /* Functions */; };
		9B6807C62EB3C3A50038FE88 /* PostgREST in Frameworks */ = {isa = PBXBuildFile; productRef = 9B6807C52EB3C3A50038FE88 /* PostgREST */; };
		9B6807C82EB3C3A50038FE88 /* Realtime in Frameworks */ = {isa = PBXBuildFile; productRef = 9B6807C72EB3C3A50038FE88 /* Realtime */; };
		9B6807CA2EB3C3A50038FE88 /* Storage in Frameworks */ = {isa = PBXBuildFile; productRef = 9B6807C92EB3C3A50038FE88 /* Storage */; };
		9B6807CB2EB3C3A50038FE88 /* Supabase in Frameworks */ = {isa = PBXBuildFile; productRef = 9B6807CC2EB3C3A50038FE88 /* Supabase */; };
/* End PBXBuildFile section */

/* Begin PBXContainerItemProxy section */
		9B6807A42EB3BF2E0038FE88 /* PBXContainerItemProxy */ = {
			isa = PBXContainerItemProxy;
			containerPortal = 9B68078E2EB3BF260038FE88 /* Project object */;
			proxyType = 1;
			remoteGlobalIDString = 9B6807952EB3BF260038FE88;
			remoteInfo = "Ugly Homes";
		};
		9B6807AE2EB3BF2E0038FE88 /* PBXContainerItemProxy */ = {
			isa = PBXContainerItemProxy;
			containerPortal = 9B68078E2EB3BF260038FE88 /* Project object */;
			proxyType = 1;
			remoteGlobalIDString = 9B6807952EB3BF260038FE88;
			remoteInfo = "Ugly Homes";
		};
/* End PBXContainerItemProxy section */

/* Begin PBXFileReference section */
		9B6807962EB3BF260038FE88 /* Houser.app */ = {isa = PBXFileReference; explicitFileType = wrapper.application; includeInIndex = 0; path = Houser.app; sourceTree = BUILT_PRODUCTS_DIR; };
		9B6807A32EB3BF2E0038FE88 /* Ugly HomesTests.xctest */ = {isa = PBXFileReference; explicitFileType = wrapper.cfbundle; includeInIndex = 0; name = "Ugly HomesTests.xctest"; path = Houser.xctest; sourceTree = BUILT_PRODUCTS_DIR; };
		9B6807AD2EB3BF2E0038FE88 /* Ugly HomesUITests.xctest */ = {isa = PBXFileReference; explicitFileType = wrapper.cfbundle; includeInIndex = 0; name = "Ugly HomesUITests.xctest"; path = Houser.xctest; sourceTree = BUILT_PRODUCTS_DIR; };
/* End PBXFileReference section */

/* Begin PBXFileSystemSynchronizedRootGroup section */
		9B6807982EB3BF260038FE88 /* Ugly Homes */ = {
			isa = PBXFileSystemSynchronizedRootGroup;
			path = "Ugly Homes";
			sourceTree = "<group>";
		};
		9B6807A62EB3BF2E0038FE88 /* Ugly HomesTests */ = {
			isa = PBXFileSystemSynchronizedRootGroup;
			path = "Ugly HomesTests";
			sourceTree = "<group>";
		};
		9B6807B02EB3BF2E0038FE88 /* Ugly HomesUITests */ = {
			isa = PBXFileSystemSynchronizedRootGroup;
			path = "Ugly HomesUITests";
			sourceTree = "<group>";
		};
/* End PBXFileSystemSynchronizedRootGroup section */

/* Begin PBXFrameworksBuildPhase section */
		9B6807932EB3BF260038FE88 /* Frameworks */ = {
			isa = PBXFrameworksBuildPhase;
			buildActionMask = 2147483647;
			files = (
				9B166E862EB546610076109E /* StripeCardScan in Frameworks */,
				9B166E822EB546610076109E /* Stripe in Frameworks */,
				9B166E842EB546610076109E /* StripeApplePay in Frameworks */,
				9B166E8A2EB546610076109E /* StripeFinancialConnections in Frameworks */,
				9B166E8D2EB552A90076109E /* StripePaymentSheet in Frameworks */,
				9B6807C62EB3C3A50038FE88 /* PostgREST in Frameworks */,
				9B166E882EB546610076109E /* StripeConnect in Frameworks */,
				9B6807C42EB3C3A50038FE88 /* Functions in Frameworks */,
				9B6807C22EB3C3A50038FE88 /* Auth in Frameworks */,
				9B6807CA2EB3C3A50038FE88 /* Storage in Frameworks */,
				9B6807C82EB3C3A50038FE88 /* Realtime in Frameworks */,
				9B166E8F2EB552A90076109E /* StripePayments in Frameworks */,
				9B6807CB2EB3C3A50038FE88 /* Supabase in Frameworks */,
			);
			runOnlyForDeploymentPostprocessing = 0;
		};
		9B6807A02EB3BF2E0038FE88 /* Frameworks */ = {
			isa = PBXFrameworksBuildPhase;
			buildActionMask = 2147483647;
			files = (
			);
			runOnlyForDeploymentPostprocessing = 0;
		};
		9B6807AA2EB3BF2E0038FE88 /* Frameworks */ = {
			isa = PBXFrameworksBuildPhase;
			buildActionMask = 2147483647;
			files = (
			);
			runOnlyForDeploymentPostprocessing = 0;
		};
/* End PBXFrameworksBuildPhase section */

/* Begin PBXGroup section */
		9B68078D2EB3BF260038FE88 = {
			isa = PBXGroup;
			children = (
				9B6807982EB3BF260038FE88 /* Ugly Homes */,
				9B6807A62EB3BF2E0038FE88 /* Ugly HomesTests */,
				9B6807B02EB3BF2E0038FE88 /* Ugly HomesUITests */,
				9B6807972EB3BF260038FE88 /* Products */,
			);
			sourceTree = "<group>";
		};
		9B6807972EB3BF260038FE88 /* Products */ = {
			isa = PBXGroup;
			children = (
				9B6807962EB3BF260038FE88 /* Houser.app */,
				9B6807A32EB3BF2E0038FE88 /* Ugly HomesTests.xctest */,
				9B6807AD2EB3BF2E0038FE88 /* Ugly HomesUITests.xctest */,
			);
			name = Products;
			sourceTree = "<group>";
		};
/* End PBXGroup section */

/* Begin PBXNativeTarget section */
		9B6807952EB3BF260038FE88 /* Ugly Homes */ = {
			isa = PBXNativeTarget;
			buildConfigurationList = 9B6807B72EB3BF2E0038FE88 /* Build configuration list for PBXNativeTarget "Ugly Homes" */;
			buildPhases = (
				9B6807922EB3BF260038FE88 /* Sources */,
				9B6807932EB3BF260038FE88 /* Frameworks */,
				9B6807942EB3BF260038FE88 /* Resources */,
			);
			buildRules = (
			);
			dependencies = (
			);
			fileSystemSynchronizedGroups = (
				9B6807982EB3BF260038FE88 /* Ugly Homes */,
			);
			name = "Ugly Homes";
			packageProductDependencies = (
				9B6807C12EB3C3A50038FE88 /* Auth */,
				9B6807C32EB3C3A50038FE88 /* Functions */,
				9B6807C52EB3C3A50038FE88 /* PostgREST */,
				9B6807C72EB3C3A50038FE88 /* Realtime */,
				9B6807C92EB3C3A50038FE88 /* Storage */,
				9B6807CC2EB3C3A50038FE88 /* Supabase */,
				9B166E812EB546610076109E /* Stripe */,
				9B166E832EB546610076109E /* StripeApplePay */,
				9B166E852EB546610076109E /* StripeCardScan */,
				9B166E872EB546610076109E /* StripeConnect */,
				9B166E892EB546610076109E /* StripeFinancialConnections */,
				9B166E8C2EB552A90076109E /* StripePaymentSheet */,
				9B166E8E2EB552A90076109E /* StripePayments */,
			);
			productName = "Ugly Homes";
			productReference = 9B6807962EB3BF260038FE88 /* Houser.app */;
			productType = "com.apple.product-type.application";
		};
		9B6807A22EB3BF2E0038FE88 /* Ugly HomesTests */ = {
			isa = PBXNativeTarget;
			buildConfigurationList = 9B6807BA2EB3BF2E0038FE88 /* Build configuration list for PBXNativeTarget "Ugly HomesTests" */;
			buildPhases = (
				9B68079F2EB3BF2E0038FE88 /* Sources */,
				9B6807A02EB3BF2E0038FE88 /* Frameworks */,
				9B6807A12EB3BF2E0038FE88 /* Resources */,
			);
			buildRules = (
			);
			dependencies = (
				9B6807A52EB3BF2E0038FE88 /* PBXTargetDependency */,
			);
			fileSystemSynchronizedGroups = (
				9B6807A62EB3BF2E0038FE88 /* Ugly HomesTests */,
			);
			name = "Ugly HomesTests";
			packageProductDependencies = (
			);
			productName = "Ugly HomesTests";
			productReference = 9B6807A32EB3BF2E0038FE88 /* Ugly HomesTests.xctest */;
			productType = "com.apple.product-type.bundle.unit-test";
		};
		9B6807AC2EB3BF2E0038FE88 /* Ugly HomesUITests */ = {
			isa = PBXNativeTarget;
			buildConfigurationList = 9B6807BD2EB3BF2E0038FE88 /* Build configuration list for PBXNativeTarget "Ugly HomesUITests" */;
			buildPhases = (
				9B6807A92EB3BF2E0038FE88 /* Sources */,
				9B6807AA2EB3BF2E0038FE88 /* Frameworks */,
				9B6807AB2EB3BF2E0038FE88 /* Resources */,
			);
			buildRules = (
			);
			dependencies = (
				9B6807AF2EB3BF2E0038FE88 /* PBXTargetDependency */,
			);
			fileSystemSynchronizedGroups = (
				9B6807B02EB3BF2E0038FE88 /* Ugly HomesUITests */,
			);
			name = "Ugly HomesUITests";
			packageProductDependencies = (
			);
			productName = "Ugly HomesUITests";
			productReference = 9B6807AD2EB3BF2E0038FE88 /* Ugly HomesUITests.xctest */;
			productType = "com.apple.product-type.bundle.ui-testing";
		};
/* End PBXNativeTarget section */

/* Begin PBXProject section */
		9B68078E2EB3BF260038FE88 /* Project object */ = {
			isa = PBXProject;
			attributes = {
				BuildIndependentTargetsInParallel = 1;
				LastSwiftUpdateCheck = 1640;
				LastUpgradeCheck = 1640;
				TargetAttributes = {
					9B6807952EB3BF260038FE88 = {
						CreatedOnToolsVersion = 16.4;
					};
					9B6807A22EB3BF2E0038FE88 = {
						CreatedOnToolsVersion = 16.4;
						TestTargetID = 9B6807952EB3BF260038FE88;
					};
					9B6807AC2EB3BF2E0038FE88 = {
						CreatedOnToolsVersion = 16.4;
						TestTargetID = 9B6807952EB3BF260038FE88;
					};
				};
			};
			buildConfigurationList = 9B6807912EB3BF260038FE88 /* Build configuration list for PBXProject "Ugly Homes" */;
			developmentRegion = en;
			hasScannedForEncodings = 0;
			knownRegions = (
				en,
				Base,
			);
			mainGroup = 9B68078D2EB3BF260038FE88;
			minimizedProjectReferenceProxies = 1;
			packageReferences = (
				9B6807C02EB3C3A50038FE88 /* XCRemoteSwiftPackageReference "supabase-swift" */,
				9B166E802EB546610076109E /* XCRemoteSwiftPackageReference "stripe-ios" */,
			);
			preferredProjectObjectVersion = 77;
			productRefGroup = 9B6807972EB3BF260038FE88 /* Products */;
			projectDirPath = "";
			projectRoot = "";
			targets = (
				9B6807952EB3BF260038FE88 /* Ugly Homes */,
				9B6807A22EB3BF2E0038FE88 /* Ugly HomesTests */,
				9B6807AC2EB3BF2E0038FE88 /* Ugly HomesUITests */,
			);
		};
/* End PBXProject section */

/* Begin PBXResourcesBuildPhase section */
		9B6807942EB3BF260038FE88 /* Resources */ = {
			isa = PBXResourcesBuildPhase;
			buildActionMask = 2147483647;
			files = (
			);
			runOnlyForDeploymentPostprocessing = 0;
		};
		9B6807A12EB3BF2E0038FE88 /* Resources */ = {
			isa = PBXResourcesBuildPhase;
			buildActionMask = 2147483647;
			files = (
			);
			runOnlyForDeploymentPostprocessing = 0;
		};
		9B6807AB2EB3BF2E0038FE88 /* Resources */ = {
			isa = PBXResourcesBuildPhase;
			buildActionMask = 2147483647;
			files = (
			);
			runOnlyForDeploymentPostprocessing = 0;
		};
/* End PBXResourcesBuildPhase section */

/* Begin PBXSourcesBuildPhase section */
		9B6807922EB3BF260038FE88 /* Sources */ = {
			isa = PBXSourcesBuildPhase;
			buildActionMask = 2147483647;
			files = (
			);
			runOnlyForDeploymentPostprocessing = 0;
		};
		9B68079F2EB3BF2E0038FE88 /* Sources */ = {
			isa = PBXSourcesBuildPhase;
			buildActionMask = 2147483647;
			files = (
			);
			runOnlyForDeploymentPostprocessing = 0;
		};
		9B6807A92EB3BF2E0038FE88 /* Sources */ = {
			isa = PBXSourcesBuildPhase;
			buildActionMask = 2147483647;
			files = (
			);
			runOnlyForDeploymentPostprocessing = 0;
		};
/* End PBXSourcesBuildPhase section */

/* Begin PBXTargetDependency section */
		9B6807A52EB3BF2E0038FE88 /* PBXTargetDependency */ = {
			isa = PBXTargetDependency;
			target = 9B6807952EB3BF260038FE88 /* Ugly Homes */;
			targetProxy = 9B6807A42EB3BF2E0038FE88 /* PBXContainerItemProxy */;
		};
		9B6807AF2EB3BF2E0038FE88 /* PBXTargetDependency */ = {
			isa = PBXTargetDependency;
			target = 9B6807952EB3BF260038FE88 /* Ugly Homes */;
			targetProxy = 9B6807AE2EB3BF2E0038FE88 /* PBXContainerItemProxy */;
		};
/* End PBXTargetDependency section */

/* Begin XCBuildConfiguration section */
		9B6807B52EB3BF2E0038FE88 /* Debug */ = {
			isa = XCBuildConfiguration;
			buildSettings = {
				ALWAYS_SEARCH_USER_PATHS = NO;
				ASSETCATALOG_COMPILER_GENERATE_SWIFT_ASSET_SYMBOL_EXTENSIONS = YES;
				CLANG_ANALYZER_NONNULL = YES;
				CLANG_ANALYZER_NUMBER_OBJECT_CONVERSION = YES_AGGRESSIVE;
				CLANG_CXX_LANGUAGE_STANDARD = "gnu++20";
				CLANG_ENABLE_MODULES = YES;
				CLANG_ENABLE_OBJC_ARC = YES;
				CLANG_ENABLE_OBJC_WEAK = YES;
				CLANG_WARN_BLOCK_CAPTURE_AUTORELEASING = YES;
				CLANG_WARN_BOOL_CONVERSION = YES;
				CLANG_WARN_COMMA = YES;
				CLANG_WARN_CONSTANT_CONVERSION = YES;
				CLANG_WARN_DEPRECATED_OBJC_IMPLEMENTATIONS = YES;
				CLANG_WARN_DIRECT_OBJC_ISA_USAGE = YES_ERROR;
				CLANG_WARN_DOCUMENTATION_COMMENTS = YES;
				CLANG_WARN_EMPTY_BODY = YES;
				CLANG_WARN_ENUM_CONVERSION = YES;
				CLANG_WARN_INFINITE_RECURSION = YES;
				CLANG_WARN_INT_CONVERSION = YES;
				CLANG_WARN_NON_LITERAL_NULL_CONVERSION = YES;
				CLANG_WARN_OBJC_IMPLICIT_RETAIN_SELF = YES;
				CLANG_WARN_OBJC_LITERAL_CONVERSION = YES;
				CLANG_WARN_OBJC_ROOT_CLASS = YES_ERROR;
				CLANG_WARN_QUOTED_INCLUDE_IN_FRAMEWORK_HEADER = YES;
				CLANG_WARN_RANGE_LOOP_ANALYSIS = YES;
				CLANG_WARN_STRICT_PROTOTYPES = YES;
				CLANG_WARN_SUSPICIOUS_MOVE = YES;
				CLANG_WARN_UNGUARDED_AVAILABILITY = YES_AGGRESSIVE;
				CLANG_WARN_UNREACHABLE_CODE = YES;
				CLANG_WARN__DUPLICATE_METHOD_MATCH = YES;
				COPY_PHASE_STRIP = NO;
				DEBUG_INFORMATION_FORMAT = dwarf;
				DEVELOPMENT_TEAM = 526B6ZA2G2;
				ENABLE_STRICT_OBJC_MSGSEND = YES;
				ENABLE_TESTABILITY = YES;
				ENABLE_USER_SCRIPT_SANDBOXING = YES;
				GCC_C_LANGUAGE_STANDARD = gnu17;
				GCC_DYNAMIC_NO_PIC = NO;
				GCC_NO_COMMON_BLOCKS = YES;
				GCC_OPTIMIZATION_LEVEL = 0;
				GCC_PREPROCESSOR_DEFINITIONS = (
					"DEBUG=1",
					"$(inherited)",
				);
				GCC_WARN_64_TO_32_BIT_CONVERSION = YES;
				GCC_WARN_ABOUT_RETURN_TYPE = YES_ERROR;
				GCC_WARN_UNDECLARED_SELECTOR = YES;
				GCC_WARN_UNINITIALIZED_AUTOS = YES_AGGRESSIVE;
				GCC_WARN_UNUSED_FUNCTION = YES;
				GCC_WARN_UNUSED_VARIABLE = YES;
				IPHONEOS_DEPLOYMENT_TARGET = 18.5;
				LOCALIZATION_PREFERS_STRING_CATALOGS = YES;
				MTL_ENABLE_DEBUG_INFO = INCLUDE_SOURCE;
				MTL_FAST_MATH = YES;
				ONLY_ACTIVE_ARCH = YES;
				SDKROOT = iphoneos;
				SWIFT_ACTIVE_COMPILATION_CONDITIONS = "DEBUG $(inherited)";
				SWIFT_OPTIMIZATION_LEVEL = "-Onone";
			};
			name = Debug;
		};
		9B6807B62EB3BF2E0038FE88 /* Release */ = {
			isa = XCBuildConfiguration;
			buildSettings = {
				ALWAYS_SEARCH_USER_PATHS = NO;
				ASSETCATALOG_COMPILER_GENERATE_SWIFT_ASSET_SYMBOL_EXTENSIONS = YES;
				CLANG_ANALYZER_NONNULL = YES;
				CLANG_ANALYZER_NUMBER_OBJECT_CONVERSION = YES_AGGRESSIVE;
				CLANG_CXX_LANGUAGE_STANDARD = "gnu++20";
				CLANG_ENABLE_MODULES = YES;
				CLANG_ENABLE_OBJC_ARC = YES;
				CLANG_ENABLE_OBJC_WEAK = YES;
				CLANG_WARN_BLOCK_CAPTURE_AUTORELEASING = YES;
				CLANG_WARN_BOOL_CONVERSION = YES;
				CLANG_WARN_COMMA = YES;
				CLANG_WARN_CONSTANT_CONVERSION = YES;
				CLANG_WARN_DEPRECATED_OBJC_IMPLEMENTATIONS = YES;
				CLANG_WARN_DIRECT_OBJC_ISA_USAGE = YES_ERROR;
				CLANG_WARN_DOCUMENTATION_COMMENTS = YES;
				CLANG_WARN_EMPTY_BODY = YES;
				CLANG_WARN_ENUM_CONVERSION = YES;
				CLANG_WARN_INFINITE_RECURSION = YES;
				CLANG_WARN_INT_CONVERSION = YES;
				CLANG_WARN_NON_LITERAL_NULL_CONVERSION = YES;
				CLANG_WARN_OBJC_IMPLICIT_RETAIN_SELF = YES;
				CLANG_WARN_OBJC_LITERAL_CONVERSION = YES;
				CLANG_WARN_OBJC_ROOT_CLASS = YES_ERROR;
				CLANG_WARN_QUOTED_INCLUDE_IN_FRAMEWORK_HEADER = YES;
				CLANG_WARN_RANGE_LOOP_ANALYSIS = YES;
				CLANG_WARN_STRICT_PROTOTYPES = YES;
				CLANG_WARN_SUSPICIOUS_MOVE = YES;
				CLANG_WARN_UNGUARDED_AVAILABILITY = YES_AGGRESSIVE;
				CLANG_WARN_UNREACHABLE_CODE = YES;
				CLANG_WARN__DUPLICATE_METHOD_MATCH = YES;
				COPY_PHASE_STRIP = NO;
				DEBUG_INFORMATION_FORMAT = "dwarf-with-dsym";
				DEVELOPMENT_TEAM = 526B6ZA2G2;
				ENABLE_NS_ASSERTIONS = NO;
				ENABLE_STRICT_OBJC_MSGSEND = YES;
				ENABLE_USER_SCRIPT_SANDBOXING = YES;
				GCC_C_LANGUAGE_STANDARD = gnu17;
				GCC_NO_COMMON_BLOCKS = YES;
				GCC_WARN_64_TO_32_BIT_CONVERSION = YES;
				GCC_WARN_ABOUT_RETURN_TYPE = YES_ERROR;
				GCC_WARN_UNDECLARED_SELECTOR = YES;
				GCC_WARN_UNINITIALIZED_AUTOS = YES_AGGRESSIVE;
				GCC_WARN_UNUSED_FUNCTION = YES;
				GCC_WARN_UNUSED_VARIABLE = YES;
				IPHONEOS_DEPLOYMENT_TARGET = 18.5;
				LOCALIZATION_PREFERS_STRING_CATALOGS = YES;
				MTL_ENABLE_DEBUG_INFO = NO;
				MTL_FAST_MATH = YES;
				SDKROOT = iphoneos;
				SWIFT_COMPILATION_MODE = wholemodule;
				VALIDATE_PRODUCT = YES;
			};
			name = Release;
		};
		9B6807B82EB3BF2E0038FE88 /* Debug */ = {
			isa = XCBuildConfiguration;
			buildSettings = {
				ASSETCATALOG_COMPILER_APPICON_NAME = AppIcon;
				ASSETCATALOG_COMPILER_GLOBAL_ACCENT_COLOR_NAME = AccentColor;
				CODE_SIGN_ENTITLEMENTS = "Ugly Homes/Ugly Homes.entitlements";
				CODE_SIGN_STYLE = Automatic;
				CURRENT_PROJECT_VERSION = 1;
				DEVELOPMENT_TEAM = 526B6ZA2G2;
				ENABLE_PREVIEWS = YES;
				GENERATE_INFOPLIST_FILE = YES;
				INFOPLIST_FILE = "Ugly-Homes-Info.plist";
				INFOPLIST_KEY_CFBundleDisplayName = Houser;
				INFOPLIST_KEY_LSApplicationCategoryType = "public.app-category.business";
				INFOPLIST_KEY_LSSupportsOpeningDocumentsInPlace = NO;
				INFOPLIST_KEY_NSCameraUsageDescription = "Houser needs access to your camera to take photos of properties you want to post.";
				INFOPLIST_KEY_NSFaceIDUsageDescription = "We use Face ID to securely sign you in to your \n  account";
				INFOPLIST_KEY_NSLocationWhenInUseUsageDescription = "Houser uses your location to show you nearby properties and open houses.";
				INFOPLIST_KEY_NSPhotoLibraryAddUsageDescription = "Houser needs access to save property photos so you can share them on Instagram and other platforms.";
				INFOPLIST_KEY_NSPhotoLibraryUsageDescription = "Houser needs access to your photo library to select photos of properties you want to post.";
				INFOPLIST_KEY_UIApplicationSceneManifest_Generation = YES;
				INFOPLIST_KEY_UIApplicationSupportsIndirectInputEvents = YES;
				INFOPLIST_KEY_UILaunchScreen_Generation = YES;
				INFOPLIST_KEY_UISupportedInterfaceOrientations = UIInterfaceOrientationPortrait;
				INFOPLIST_KEY_UISupportedInterfaceOrientations_iPad = "UIInterfaceOrientationLandscapeLeft UIInterfaceOrientationLandscapeRight UIInterfaceOrientationPortrait UIInterfaceOrientationPortraitUpsideDown";
				IPHONEOS_DEPLOYMENT_TARGET = 17.6;
				LD_RUNPATH_SEARCH_PATHS = (
					"$(inherited)",
					"@executable_path/Frameworks",
				);
				MARKETING_VERSION = 2.0.9;
				PRODUCT_BUNDLE_IDENTIFIER = "com.uglyhomes.Ugly-Homes";
				PRODUCT_NAME = Houser;
				SUPPORTED_PLATFORMS = "iphoneos iphonesimulator";
				SUPPORTS_MACCATALYST = NO;
				SUPPORTS_MAC_DESIGNED_FOR_IPHONE_IPAD = NO;
				SUPPORTS_XR_DESIGNED_FOR_IPHONE_IPAD = NO;
				SWIFT_EMIT_LOC_STRINGS = YES;
				SWIFT_VERSION = 5.0;
				TARGETED_DEVICE_FAMILY = 1;
			};
			name = Debug;
		};
		9B6807B92EB3BF2E0038FE88 /* Release */ = {
			isa = XCBuildConfiguration;
			buildSettings = {
				ASSETCATALOG_COMPILER_APPICON_NAME = AppIcon;
				ASSETCATALOG_COMPILER_GLOBAL_ACCENT_COLOR_NAME = AccentColor;
				CODE_SIGN_ENTITLEMENTS = "Ugly Homes/Ugly Homes.entitlements";
				CODE_SIGN_STYLE = Automatic;
				CURRENT_PROJECT_VERSION = 1;
				DEVELOPMENT_TEAM = 526B6ZA2G2;
				ENABLE_PREVIEWS = YES;
				GENERATE_INFOPLIST_FILE = YES;
				INFOPLIST_FILE = "Ugly-Homes-Info.plist";
				INFOPLIST_KEY_CFBundleDisplayName = Houser;
				INFOPLIST_KEY_LSApplicationCategoryType = "public.app-category.business";
				INFOPLIST_KEY_LSSupportsOpeningDocumentsInPlace = NO;
				INFOPLIST_KEY_NSCameraUsageDescription = "Houser needs access to your camera to take photos of properties you want to post.";
				INFOPLIST_KEY_NSFaceIDUsageDescription = "We use Face ID to securely sign you in to your \n  account";
				INFOPLIST_KEY_NSLocationWhenInUseUsageDescription = "Houser uses your location to show you nearby properties and open houses.";
				INFOPLIST_KEY_NSPhotoLibraryAddUsageDescription = "Houser needs access to save property photos so you can share them on Instagram and other platforms.";
				INFOPLIST_KEY_NSPhotoLibraryUsageDescription = "Houser needs access to your photo library to select photos of properties you want to post.";
				INFOPLIST_KEY_UIApplicationSceneManifest_Generation = YES;
				INFOPLIST_KEY_UIApplicationSupportsIndirectInputEvents = YES;
				INFOPLIST_KEY_UILaunchScreen_Generation = YES;
				INFOPLIST_KEY_UISupportedInterfaceOrientations = UIInterfaceOrientationPortrait;
				INFOPLIST_KEY_UISupportedInterfaceOrientations_iPad = "UIInterfaceOrientationLandscapeLeft UIInterfaceOrientationLandscapeRight UIInterfaceOrientationPortrait UIInterfaceOrientationPortraitUpsideDown";
				IPHONEOS_DEPLOYMENT_TARGET = 17.6;
				LD_RUNPATH_SEARCH_PATHS = (
					"$(inherited)",
					"@executable_path/Frameworks",
				);
				MARKETING_VERSION = 2.0.9;
				PRODUCT_BUNDLE_IDENTIFIER = "com.uglyhomes.Ugly-Homes";
				PRODUCT_NAME = Houser;
				SUPPORTED_PLATFORMS = "iphoneos iphonesimulator";
				SUPPORTS_MACCATALYST = NO;
				SUPPORTS_MAC_DESIGNED_FOR_IPHONE_IPAD = NO;
				SUPPORTS_XR_DESIGNED_FOR_IPHONE_IPAD = NO;
				SWIFT_EMIT_LOC_STRINGS = YES;
				SWIFT_VERSION = 5.0;
				TARGETED_DEVICE_FAMILY = 1;
			};
			name = Release;
		};
		9B6807BB2EB3BF2E0038FE88 /* Debug */ = {
			isa = XCBuildConfiguration;
			buildSettings = {
				BUNDLE_LOADER = "$(TEST_HOST)";
				CODE_SIGN_STYLE = Automatic;
				CURRENT_PROJECT_VERSION = 4;
				DEVELOPMENT_TEAM = 526B6ZA2G2;
				GENERATE_INFOPLIST_FILE = YES;
				IPHONEOS_DEPLOYMENT_TARGET = 18.5;
				MARKETING_VERSION = 1.0.1;
				PRODUCT_BUNDLE_IDENTIFIER = "com.uglyhomes.Ugly-HomesTests";
				PRODUCT_NAME = Houser;
				SWIFT_EMIT_LOC_STRINGS = NO;
				SWIFT_VERSION = 5.0;
				TARGETED_DEVICE_FAMILY = "1,2";
				TEST_HOST = "$(BUILT_PRODUCTS_DIR)/Ugly Homes.app/$(BUNDLE_EXECUTABLE_FOLDER_PATH)/Ugly Homes";
			};
			name = Debug;
		};
		9B6807BC2EB3BF2E0038FE88 /* Release */ = {
			isa = XCBuildConfiguration;
			buildSettings = {
				BUNDLE_LOADER = "$(TEST_HOST)";
				CODE_SIGN_STYLE = Automatic;
				CURRENT_PROJECT_VERSION = 4;
				DEVELOPMENT_TEAM = 526B6ZA2G2;
				GENERATE_INFOPLIST_FILE = YES;
				IPHONEOS_DEPLOYMENT_TARGET = 18.5;
				MARKETING_VERSION = 1.0.1;
				PRODUCT_BUNDLE_IDENTIFIER = "com.uglyhomes.Ugly-HomesTests";
				PRODUCT_NAME = Houser;
				SWIFT_EMIT_LOC_STRINGS = NO;
				SWIFT_VERSION = 5.0;
				TARGETED_DEVICE_FAMILY = "1,2";
				TEST_HOST = "$(BUILT_PRODUCTS_DIR)/Ugly Homes.app/$(BUNDLE_EXECUTABLE_FOLDER_PATH)/Ugly Homes";
			};
			name = Release;
		};
		9B6807BE2EB3BF2E0038FE88 /* Debug */ = {
			isa = XCBuildConfiguration;
			buildSettings = {
				CODE_SIGN_STYLE = Automatic;
				CURRENT_PROJECT_VERSION = 4;
				DEVELOPMENT_TEAM = 526B6ZA2G2;
				GENERATE_INFOPLIST_FILE = YES;
				MARKETING_VERSION = 1.0.1;
				PRODUCT_BUNDLE_IDENTIFIER = "com.uglyhomes.Ugly-HomesUITests";
				PRODUCT_NAME = Houser;
				SWIFT_EMIT_LOC_STRINGS = NO;
				SWIFT_VERSION = 5.0;
				TARGETED_DEVICE_FAMILY = "1,2";
				TEST_TARGET_NAME = "Ugly Homes";
			};
			name = Debug;
		};
		9B6807BF2EB3BF2E0038FE88 /* Release */ = {
			isa = XCBuildConfiguration;
			buildSettings = {
				CODE_SIGN_STYLE = Automatic;
				CURRENT_PROJECT_VERSION = 4;
				DEVELOPMENT_TEAM = 526B6ZA2G2;
				GENERATE_INFOPLIST_FILE = YES;
				MARKETING_VERSION = 1.0.1;
				PRODUCT_BUNDLE_IDENTIFIER = "com.uglyhomes.Ugly-HomesUITests";
				PRODUCT_NAME = Houser;
				SWIFT_EMIT_LOC_STRINGS = NO;
				SWIFT_VERSION = 5.0;
				TARGETED_DEVICE_FAMILY = "1,2";
				TEST_TARGET_NAME = "Ugly Homes";
			};
			name = Release;
		};
/* End XCBuildConfiguration section */

/* Begin XCConfigurationList section */
		9B6807912EB3BF260038FE88 /* Build configuration list for PBXProject "Ugly Homes" */ = {
			isa = XCConfigurationList;
			buildConfigurations = (
				9B6807B52EB3BF2E0038FE88 /* Debug */,
				9B6807B62EB3BF2E0038FE88 /* Release */,
			);
			defaultConfigurationIsVisible = 0;
			defaultConfigurationName = Release;
		};
		9B6807B72EB3BF2E0038FE88 /* Build configuration list for PBXNativeTarget "Ugly Homes" */ = {
			isa = XCConfigurationList;
			buildConfigurations = (
				9B6807B82EB3BF2E0038FE88 /* Debug */,
				9B6807B92EB3BF2E0038FE88 /* Release */,
			);
			defaultConfigurationIsVisible = 0;
			defaultConfigurationName = Release;
		};
		9B6807BA2EB3BF2E0038FE88 /* Build configuration list for PBXNativeTarget "Ugly HomesTests" */ = {
			isa = XCConfigurationList;
			buildConfigurations = (
				9B6807BB2EB3BF2E0038FE88 /* Debug */,
				9B6807BC2EB3BF2E0038FE88 /* Release */,
			);
			defaultConfigurationIsVisible = 0;
			defaultConfigurationName = Release;
		};
		9B6807BD2EB3BF2E0038FE88 /* Build configuration list for PBXNativeTarget "Ugly HomesUITests" */ = {
			isa = XCConfigurationList;
			buildConfigurations = (
				9B6807BE2EB3BF2E0038FE88 /* Debug */,
				9B6807BF2EB3BF2E0038FE88 /* Release */,
			);
			defaultConfigurationIsVisible = 0;
			defaultConfigurationName = Release;
		};
/* End XCConfigurationList section */

/* Begin XCRemoteSwiftPackageReference section */
		9B166E802EB546610076109E /* XCRemoteSwiftPackageReference "stripe-ios" */ = {
			isa = XCRemoteSwiftPackageReference;
			repositoryURL = "https://github.com/stripe/stripe-ios";
			requirement = {
				kind = upToNextMajorVersion;
				minimumVersion = 24.25.0;
			};
		};
		9B6807C02EB3C3A50038FE88 /* XCRemoteSwiftPackageReference "supabase-swift" */ = {
			isa = XCRemoteSwiftPackageReference;
			repositoryURL = "https://github.com/supabase/supabase-swift";
			requirement = {
				kind = upToNextMajorVersion;
				minimumVersion = 2.5.1;
			};
		};
/* End XCRemoteSwiftPackageReference section */

/* Begin XCSwiftPackageProductDependency section */
		9B166E812EB546610076109E /* Stripe */ = {
			isa = XCSwiftPackageProductDependency;
			package = 9B166E802EB546610076109E /* XCRemoteSwiftPackageReference "stripe-ios" */;
			productName = Stripe;
		};
		9B166E832EB546610076109E /* StripeApplePay */ = {
			isa = XCSwiftPackageProductDependency;
			package = 9B166E802EB546610076109E /* XCRemoteSwiftPackageReference "stripe-ios" */;
			productName = StripeApplePay;
		};
		9B166E852EB546610076109E /* StripeCardScan */ = {
			isa = XCSwiftPackageProductDependency;
			package = 9B166E802EB546610076109E /* XCRemoteSwiftPackageReference "stripe-ios" */;
			productName = StripeCardScan;
		};
		9B166E872EB546610076109E /* StripeConnect */ = {
			isa = XCSwiftPackageProductDependency;
			package = 9B166E802EB546610076109E /* XCRemoteSwiftPackageReference "stripe-ios" */;
			productName = StripeConnect;
		};
		9B166E892EB546610076109E /* StripeFinancialConnections */ = {
			isa = XCSwiftPackageProductDependency;
			package = 9B166E802EB546610076109E /* XCRemoteSwiftPackageReference "stripe-ios" */;
			productName = StripeFinancialConnections;
		};
		9B166E8C2EB552A90076109E /* StripePaymentSheet */ = {
			isa = XCSwiftPackageProductDependency;
			package = 9B166E802EB546610076109E /* XCRemoteSwiftPackageReference "stripe-ios" */;
			productName = StripePaymentSheet;
		};
		9B166E8E2EB552A90076109E /* StripePayments */ = {
			isa = XCSwiftPackageProductDependency;
			package = 9B166E802EB546610076109E /* XCRemoteSwiftPackageReference "stripe-ios" */;
			productName = StripePayments;
		};
		9B6807C12EB3C3A50038FE88 /* Auth */ = {
			isa = XCSwiftPackageProductDependency;
			package = 9B6807C02EB3C3A50038FE88 /* XCRemoteSwiftPackageReference "supabase-swift" */;
			productName = Auth;
		};
		9B6807C32EB3C3A50038FE88 /* Functions */ = {
			isa = XCSwiftPackageProductDependency;
			package = 9B6807C02EB3C3A50038FE88 /* XCRemoteSwiftPackageReference "supabase-swift" */;
			productName = Functions;
		};
		9B6807C52EB3C3A50038FE88 /* PostgREST */ = {
			isa = XCSwiftPackageProductDependency;
			package = 9B6807C02EB3C3A50038FE88 /* XCRemoteSwiftPackageReference "supabase-swift" */;
			productName = PostgREST;
		};
		9B6807C72EB3C3A50038FE88 /* Realtime */ = {
			isa = XCSwiftPackageProductDependency;
			package = 9B6807C02EB3C3A50038FE88 /* XCRemoteSwiftPackageReference "supabase-swift" */;
			productName = Realtime;
		};
		9B6807C92EB3C3A50038FE88 /* Storage */ = {
			isa = XCSwiftPackageProductDependency;
			package = 9B6807C02EB3C3A50038FE88 /* XCRemoteSwiftPackageReference "supabase-swift" */;
			productName = Storage;
		};
		9B6807CC2EB3C3A50038FE88 /* Supabase */ = {
			isa = XCSwiftPackageProductDependency;
			package = 9B6807C02EB3C3A50038FE88 /* XCRemoteSwiftPackageReference "supabase-swift" */;
			productName = Supabase;
		};
/* End XCSwiftPackageProductDependency section */
	};
	rootObject = 9B68078E2EB3BF260038FE88 /* Project object */;
}
